
Microsoft Visual Studio Solution File, Format Version 12.00
# Visual Studio Version 16
VisualStudioVersion = 16.0.29326.143
MinimumVisualStudioVersion = 10.0.40219.1
Project("{FAE04EC0-301F-11D3-BF4B-00C04F79EFBC}") = "PasswordEncripterApi", "PasswordEncripterApi\PasswordEncripterApi.csproj", "{74976707-51D1-436E-96DE-890616097E4F}"
EndProject
Project("{FAE04EC0-301F-11D3-BF4B-00C04F79EFBC}") = "PasswordEncripter.Entities", "PasswordEncripter.Entities\PasswordEncripter.Entities.csproj", "{7A3079B1-FD5F-4451-9767-1DEE4321F8AB}"
EndProject
Project("{FAE04EC0-301F-11D3-BF4B-00C04F79EFBC}") = "PasswordEncripter.Entities.EF", "PasswordEncripter.Entities.EF\PasswordEncripter.Entities.EF.csproj", "{4BC53976-C233-4C52-9909-ED66CC79BDD8}"
EndProject
Project("{FAE04EC0-301F-11D3-BF4B-00C04F79EFBC}") = "PasswordEncripter.Core", "PasswordEncripter.Core\PasswordEncripter.Core.csproj", "{5577D806-AF2A-4309-A8E3-9C1FA23A914D}"
EndProject
Global
	GlobalSection(SolutionConfigurationPlatforms) = preSolution
		Debug|Any CPU = Debug|Any CPU
		Release|Any CPU = Release|Any CPU
	EndGlobalSection
	GlobalSection(ProjectConfigurationPlatforms) = postSolution
		{74976707-51D1-436E-96DE-890616097E4F}.Debug|Any CPU.ActiveCfg = Debug|Any CPU
		{74976707-51D1-436E-96DE-890616097E4F}.Debug|Any CPU.Build.0 = Debug|Any CPU
		{74976707-51D1-436E-96DE-890616097E4F}.Release|Any CPU.ActiveCfg = Release|Any CPU
		{74976707-51D1-436E-96DE-890616097E4F}.Release|Any CPU.Build.0 = Release|Any CPU
		{7A3079B1-FD5F-4451-9767-1DEE4321F8AB}.Debug|Any CPU.ActiveCfg = Debug|Any CPU
		{7A3079B1-FD5F-4451-9767-1DEE4321F8AB}.Debug|Any CPU.Build.0 = Debug|Any CPU
		{7A3079B1-FD5F-4451-9767-1DEE4321F8AB}.Release|Any CPU.ActiveCfg = Release|Any CPU
		{7A3079B1-FD5F-4451-9767-1DEE4321F8AB}.Release|Any CPU.Build.0 = Release|Any CPU
		{4BC53976-C233-4C52-9909-ED66CC79BDD8}.Debug|Any CPU.ActiveCfg = Debug|Any CPU
		{4BC53976-C233-4C52-9909-ED66CC79BDD8}.Debug|Any CPU.Build.0 = Debug|Any CPU
		{4BC53976-C233-4C52-9909-ED66CC79BDD8}.Release|Any CPU.ActiveCfg = Release|Any CPU
		{4BC53976-C233-4C52-9909-ED66CC79BDD8}.Release|Any CPU.Build.0 = Release|Any CPU
		{5577D806-AF2A-4309-A8E3-9C1FA23A914D}.Debug|Any CPU.ActiveCfg = Debug|Any CPU
		{5577D806-AF2A-4309-A8E3-9C1FA23A914D}.Debug|Any CPU.Build.0 = Debug|Any CPU
		{5577D806-AF2A-4309-A8E3-9C1FA23A914D}.Release|Any CPU.ActiveCfg = Release|Any CPU
		{5577D806-AF2A-4309-A8E3-9C1FA23A914D}.Release|Any CPU.Build.0 = Release|Any CPU
	EndGlobalSection
	GlobalSection(SolutionProperties) = preSolution
		HideSolutionNode = FALSE
	EndGlobalSection
	GlobalSection(ExtensibilityGlobals) = postSolution
		SolutionGuid = {93E7496A-AA95-4D98-9E12-CB514269BCB5}
	EndGlobalSection
EndGlobal
